
Microsoft Visual Studio Solution File, Format Version 12.00
# Visual Studio Version 16
VisualStudioVersion = 25.0.1706.11
MinimumVisualStudioVersion = 10.0.40219.1
Project("{FAE04EC0-301F-11D3-BF4B-00C04F79EFBC}") = "StabiloPen", "StabiloPen\StabiloPen.csproj", "{44815861-ADD0-4AF2-B2B7-83DD3C04181C}"
EndProject
Global
	GlobalSection(SolutionConfigurationPlatforms) = preSolution
		Debug|Any CPU = Debug|Any CPU
		Release|Any CPU = Release|Any CPU
	EndGlobalSection
	GlobalSection(ProjectConfigurationPlatforms) = postSolution
		{44815861-ADD0-4AF2-B2B7-83DD3C04181C}.Debug|Any CPU.ActiveCfg = Debug|Any CPU
		{44815861-ADD0-4AF2-B2B7-83DD3C04181C}.Debug|Any CPU.Build.0 = Debug|Any CPU
		{44815861-ADD0-4AF2-B2B7-83DD3C04181C}.Release|Any CPU.ActiveCfg = Release|Any CPU
		{44815861-ADD0-4AF2-B2B7-83DD3C04181C}.Release|Any CPU.Build.0 = Release|Any CPU
	EndGlobalSection
	GlobalSection(SolutionProperties) = preSolution
		HideSolutionNode = FALSE
	EndGlobalSection
	GlobalSection(ExtensibilityGlobals) = postSolution
		SolutionGuid = {C05F7741-02FB-4CE7-9CBC-10B1BD859FF8}
	EndGlobalSection
EndGlobal
