
Microsoft Visual Studio Solution File, Format Version 12.00
# Visual Studio Version 16
VisualStudioVersion = 25.0.1706.11
MinimumVisualStudioVersion = 10.0.40219.1
Project("{FAE04EC0-301F-11D3-BF4B-00C04F79EFBC}") = "AAAA", "AAAA\AAAA.csproj", "{F3FDFF49-52B6-4B5E-A062-2C42449156EA}"
EndProject
Global
	GlobalSection(SolutionConfigurationPlatforms) = preSolution
		Debug|Any CPU = Debug|Any CPU
		Release|Any CPU = Release|Any CPU
	EndGlobalSection
	GlobalSection(ProjectConfigurationPlatforms) = postSolution
		{F3FDFF49-52B6-4B5E-A062-2C42449156EA}.Debug|Any CPU.ActiveCfg = Debug|Any CPU
		{F3FDFF49-52B6-4B5E-A062-2C42449156EA}.Debug|Any CPU.Build.0 = Debug|Any CPU
		{F3FDFF49-52B6-4B5E-A062-2C42449156EA}.Release|Any CPU.ActiveCfg = Release|Any CPU
		{F3FDFF49-52B6-4B5E-A062-2C42449156EA}.Release|Any CPU.Build.0 = Release|Any CPU
	EndGlobalSection
	GlobalSection(SolutionProperties) = preSolution
		HideSolutionNode = FALSE
	EndGlobalSection
	GlobalSection(ExtensibilityGlobals) = postSolution
		SolutionGuid = {4EBFF9C1-9371-47D4-A05C-FD942D37AF8B}
	EndGlobalSection
EndGlobal
